# @generated - this file is auto-generated by `mise lock` https://mise.jdx.dev/dev-tools/mise-lock.html

[[tools."aqua:astral-sh/uv"]]
version = "0.10.0"
backend = "aqua:astral-sh/uv"

[tools."aqua:astral-sh/uv"."platforms.linux-arm64"]
checksum = "sha256:edf1adb1d183730302f87eef9b71bc4e47b4b8058832c3393b0fbcd86f270510"
url = "https://github.com/astral-sh/uv/releases/download/0.10.0/uv-aarch64-unknown-linux-musl.tar.gz"

[tools."aqua:astral-sh/uv"."platforms.linux-x64"]
checksum = "sha256:312d37f31b6f2c3bfc65668ba0efea9f1f9eaf7bc3209fe1a109e5cf861b95fa"
url = "https://github.com/astral-sh/uv/releases/download/0.10.0/uv-x86_64-unknown-linux-musl.tar.gz"

[tools."aqua:astral-sh/uv"."platforms.macos-arm64"]
checksum = "sha256:82d4b99dc6ea686695b5ee142ceba03dd3e3eda2b414e94215ab7bce94972fbb"
url = "https://github.com/astral-sh/uv/releases/download/0.10.0/uv-aarch64-apple-darwin.tar.gz"

[tools."aqua:astral-sh/uv"."platforms.macos-x64"]
checksum = "sha256:664aed584c276f8d79cdc3b7685cd48f5d64657bd6840b06b4b2b0db731b9c99"
url = "https://github.com/astral-sh/uv/releases/download/0.10.0/uv-x86_64-apple-darwin.tar.gz"

[tools."aqua:astral-sh/uv"."platforms.windows-x64"]
checksum = "sha256:4037b444541f695cd2eb93188a9346de3e334af562381411deade0a31c7bf898"
url = "https://github.com/astral-sh/uv/releases/download/0.10.0/uv-x86_64-pc-windows-msvc.zip"

[[tools.lychee]]
version = "0.23.0"
backend = "aqua:lycheeverse/lychee"

[tools.lychee."platforms.linux-arm64"]
checksum = "sha256:97eb93b02a7d78a752fc33e5b0983439ccaadbf3db952b68a0a4401acd92e6e0"
url = "https://github.com/lycheeverse/lychee/releases/download/lychee-v0.23.0/lychee-aarch64-unknown-linux-gnu.tar.gz"

[tools.lychee."platforms.linux-arm64-musl"]
checksum = "sha256:97eb93b02a7d78a752fc33e5b0983439ccaadbf3db952b68a0a4401acd92e6e0"
url = "https://github.com/lycheeverse/lychee/releases/download/lychee-v0.23.0/lychee-aarch64-unknown-linux-gnu.tar.gz"

[tools.lychee."platforms.linux-x64"]
checksum = "sha256:5538440d2c69a45a0a09983271e5dee0c2fe7137d8035d25b2632e10a66a090a"
url = "https://github.com/lycheeverse/lychee/releases/download/lychee-v0.23.0/lychee-x86_64-unknown-linux-musl.tar.gz"

[tools.lychee."platforms.linux-x64-musl"]
checksum = "sha256:5538440d2c69a45a0a09983271e5dee0c2fe7137d8035d25b2632e10a66a090a"
url = "https://github.com/lycheeverse/lychee/releases/download/lychee-v0.23.0/lychee-x86_64-unknown-linux-musl.tar.gz"

[tools.lychee."platforms.macos-arm64"]
checksum = "sha256:4c8034900e11083b68ac6f6582c377ff1f704e268991999e09d717973e493e7f"
url = "https://github.com/lycheeverse/lychee/releases/download/lychee-v0.23.0/lychee-arm64-macos.dmg"

[tools.lychee."platforms.windows-x64"]
checksum = "sha256:0fda7ff0a60c0250939fc25361c2d4e6e7853c31c996733fdd5a1dd760bcb824"
url = "https://github.com/lycheeverse/lychee/releases/download/lychee-v0.23.0/lychee-x86_64-windows.exe"
